
Microsoft Visual Studio Solution File, Format Version 12.00
# Visual Studio 15
Project("{FAE04EC0-301F-11D3-BF4B-00C04F79EFBC}") = "UnityEngine.TestRunner", "UnityEngine.TestRunner.csproj", "{A467BAD8-A35B-CB88-6224-6BB060089154}"
EndProject
Project("{FAE04EC0-301F-11D3-BF4B-00C04F79EFBC}") = "Unity.TextMeshPro", "Unity.TextMeshPro.csproj", "{DC00013A-4D08-C12A-389A-E2E6E1864366}"
EndProject
Project("{FAE04EC0-301F-11D3-BF4B-00C04F79EFBC}") = "Unity.Timeline", "Unity.Timeline.csproj", "{490FBAF7-478F-8AEC-65AA-961E908BC771}"
EndProject
Project("{FAE04EC0-301F-11D3-BF4B-00C04F79EFBC}") = "Assembly-CSharp", "Assembly-CSharp.csproj", "{FAA271DF-0D6E-151F-8354-B1EDE5043471}"
EndProject
Project("{FAE04EC0-301F-11D3-BF4B-00C04F79EFBC}") = "UnityEditor.TestRunner", "UnityEditor.TestRunner.csproj", "{E6B76B65-59A0-A6A7-C7CC-431AD09E9727}"
EndProject
Project("{FAE04EC0-301F-11D3-BF4B-00C04F79EFBC}") = "Unity.TextMeshPro.Editor", "Unity.TextMeshPro.Editor.csproj", "{28433A41-D37C-ABDF-AB1A-44426026F1F2}"
EndProject
Project("{FAE04EC0-301F-11D3-BF4B-00C04F79EFBC}") = "Unity.Timeline.Editor", "Unity.Timeline.Editor.csproj", "{84E48FEF-89DF-8520-BDFD-EFF5CF26C010}"
EndProject
Project("{FAE04EC0-301F-11D3-BF4B-00C04F79EFBC}") = "Unity.Rider.Editor", "Unity.Rider.Editor.csproj", "{E64B625B-B74D-F2F6-F99E-07FDB0714702}"
EndProject
Project("{FAE04EC0-301F-11D3-BF4B-00C04F79EFBC}") = "Unity.CollabProxy.Editor", "Unity.CollabProxy.Editor.csproj", "{70FA2739-E3B8-2036-88DC-6861A73FEDEB}"
EndProject
Project("{FAE04EC0-301F-11D3-BF4B-00C04F79EFBC}") = "Unity.VSCode.Editor", "Unity.VSCode.Editor.csproj", "{943E7271-B8EB-BFCA-30CC-306A9F5E5C06}"
EndProject
Global
	GlobalSection(SolutionConfigurationPlatforms) = preSolution
		Debug|Any CPU = Debug|Any CPU
		Release|Any CPU = Release|Any CPU
	EndGlobalSection
	GlobalSection(ProjectConfigurationPlatforms) = postSolution
		{A467BAD8-A35B-CB88-6224-6BB060089154}.Debug|Any CPU.ActiveCfg = Debug|Any CPU
		{A467BAD8-A35B-CB88-6224-6BB060089154}.Debug|Any CPU.Build.0 = Debug|Any CPU
		{A467BAD8-A35B-CB88-6224-6BB060089154}.Release|Any CPU.ActiveCfg = Release|Any CPU
		{A467BAD8-A35B-CB88-6224-6BB060089154}.Release|Any CPU.Build.0 = Release|Any CPU
		{DC00013A-4D08-C12A-389A-E2E6E1864366}.Debug|Any CPU.ActiveCfg = Debug|Any CPU
		{DC00013A-4D08-C12A-389A-E2E6E1864366}.Debug|Any CPU.Build.0 = Debug|Any CPU
		{DC00013A-4D08-C12A-389A-E2E6E1864366}.Release|Any CPU.ActiveCfg = Release|Any CPU
		{DC00013A-4D08-C12A-389A-E2E6E1864366}.Release|Any CPU.Build.0 = Release|Any CPU
		{490FBAF7-478F-8AEC-65AA-961E908BC771}.Debug|Any CPU.ActiveCfg = Debug|Any CPU
		{490FBAF7-478F-8AEC-65AA-961E908BC771}.Debug|Any CPU.Build.0 = Debug|Any CPU
		{490FBAF7-478F-8AEC-65AA-961E908BC771}.Release|Any CPU.ActiveCfg = Release|Any CPU
		{490FBAF7-478F-8AEC-65AA-961E908BC771}.Release|Any CPU.Build.0 = Release|Any CPU
		{FAA271DF-0D6E-151F-8354-B1EDE5043471}.Debug|Any CPU.ActiveCfg = Debug|Any CPU
		{FAA271DF-0D6E-151F-8354-B1EDE5043471}.Debug|Any CPU.Build.0 = Debug|Any CPU
		{FAA271DF-0D6E-151F-8354-B1EDE5043471}.Release|Any CPU.ActiveCfg = Release|Any CPU
		{FAA271DF-0D6E-151F-8354-B1EDE5043471}.Release|Any CPU.Build.0 = Release|Any CPU
		{E6B76B65-59A0-A6A7-C7CC-431AD09E9727}.Debug|Any CPU.ActiveCfg = Debug|Any CPU
		{E6B76B65-59A0-A6A7-C7CC-431AD09E9727}.Debug|Any CPU.Build.0 = Debug|Any CPU
		{E6B76B65-59A0-A6A7-C7CC-431AD09E9727}.Release|Any CPU.ActiveCfg = Release|Any CPU
		{E6B76B65-59A0-A6A7-C7CC-431AD09E9727}.Release|Any CPU.Build.0 = Release|Any CPU
		{28433A41-D37C-ABDF-AB1A-44426026F1F2}.Debug|Any CPU.ActiveCfg = Debug|Any CPU
		{28433A41-D37C-ABDF-AB1A-44426026F1F2}.Debug|Any CPU.Build.0 = Debug|Any CPU
		{28433A41-D37C-ABDF-AB1A-44426026F1F2}.Release|Any CPU.ActiveCfg = Release|Any CPU
		{28433A41-D37C-ABDF-AB1A-44426026F1F2}.Release|Any CPU.Build.0 = Release|Any CPU
		{84E48FEF-89DF-8520-BDFD-EFF5CF26C010}.Debug|Any CPU.ActiveCfg = Debug|Any CPU
		{84E48FEF-89DF-8520-BDFD-EFF5CF26C010}.Debug|Any CPU.Build.0 = Debug|Any CPU
		{84E48FEF-89DF-8520-BDFD-EFF5CF26C010}.Release|Any CPU.ActiveCfg = Release|Any CPU
		{84E48FEF-89DF-8520-BDFD-EFF5CF26C010}.Release|Any CPU.Build.0 = Release|Any CPU
		{E64B625B-B74D-F2F6-F99E-07FDB0714702}.Debug|Any CPU.ActiveCfg = Debug|Any CPU
		{E64B625B-B74D-F2F6-F99E-07FDB0714702}.Debug|Any CPU.Build.0 = Debug|Any CPU
		{E64B625B-B74D-F2F6-F99E-07FDB0714702}.Release|Any CPU.ActiveCfg = Release|Any CPU
		{E64B625B-B74D-F2F6-F99E-07FDB0714702}.Release|Any CPU.Build.0 = Release|Any CPU
		{70FA2739-E3B8-2036-88DC-6861A73FEDEB}.Debug|Any CPU.ActiveCfg = Debug|Any CPU
		{70FA2739-E3B8-2036-88DC-6861A73FEDEB}.Debug|Any CPU.Build.0 = Debug|Any CPU
		{70FA2739-E3B8-2036-88DC-6861A73FEDEB}.Release|Any CPU.ActiveCfg = Release|Any CPU
		{70FA2739-E3B8-2036-88DC-6861A73FEDEB}.Release|Any CPU.Build.0 = Release|Any CPU
		{943E7271-B8EB-BFCA-30CC-306A9F5E5C06}.Debug|Any CPU.ActiveCfg = Debug|Any CPU
		{943E7271-B8EB-BFCA-30CC-306A9F5E5C06}.Debug|Any CPU.Build.0 = Debug|Any CPU
		{943E7271-B8EB-BFCA-30CC-306A9F5E5C06}.Release|Any CPU.ActiveCfg = Release|Any CPU
		{943E7271-B8EB-BFCA-30CC-306A9F5E5C06}.Release|Any CPU.Build.0 = Release|Any CPU
	EndGlobalSection
	GlobalSection(SolutionProperties) = preSolution
		HideSolutionNode = FALSE
	EndGlobalSection
EndGlobal
